{
  "nodes": {
    "bats-assert": {
      "flake": false,
      "locked": {
        "lastModified": 1636059754,
        "narHash": "sha256-ewME0l27ZqfmAwJO4h5biTALc9bDLv7Bl3ftBzBuZwk=",
        "owner": "bats-core",
        "repo": "bats-assert",
        "rev": "34551b1d7f8c7b677c1a66fc0ac140d6223409e5",
        "type": "github"
      },
      "original": {
        "owner": "bats-core",
        "repo": "bats-assert",
        "type": "github"
      }
    },
    "bats-support": {
      "flake": false,
      "locked": {
        "lastModified": 1548869839,
        "narHash": "sha256-Gr4ntadr42F2Ks8Pte2D4wNDbijhujuoJi4OPZnTAZU=",
        "owner": "bats-core",
        "repo": "bats-support",
        "rev": "d140a65044b2d6810381935ae7f0c94c7023c8c3",
        "type": "github"
      },
      "original": {
        "owner": "bats-core",
        "repo": "bats-support",
        "type": "github"
      }
    },
    "flake-utils": {
      "inputs": {
        "systems": "systems"
      },
      "locked": {
        "lastModified": 1710146030,
        "narHash": "sha256-SZ5L6eA7HJ/nmkzGG7/ISclqe6oZdOZTNoesiInkXPQ=",
        "owner": "numtide",
        "repo": "flake-utils",
        "rev": "b1d9ab70662946ef0850d488da1c9019f3a9752a",
        "type": "github"
      },
      "original": {
        "owner": "numtide",
        "repo": "flake-utils",
        "type": "github"
      }
    },
    "flake-utils_2": {
      "inputs": {
        "systems": "systems_2"
      },
      "locked": {
        "lastModified": 1701680307,
        "narHash": "sha256-kAuep2h5ajznlPMD9rnQyffWG8EM/C73lejGofXvdM8=",
        "owner": "numtide",
        "repo": "flake-utils",
        "rev": "4022d587cbbfd70fe950c1e2083a02621806a725",
        "type": "github"
      },
      "original": {
        "id": "flake-utils",
        "type": "indirect"
      }
    },
    "flake-utils_3": {
      "inputs": {
        "systems": "systems_3"
      },
      "locked": {
        "lastModified": 1694529238,
        "narHash": "sha256-zsNZZGTGnMOf9YpHKJqMSsa0dXbfmxeoJ7xHlrt+xmY=",
        "owner": "numtide",
        "repo": "flake-utils",
        "rev": "ff7b65b44d01cf9ba6a71320833626af21126384",
        "type": "github"
      },
      "original": {
        "owner": "numtide",
        "repo": "flake-utils",
        "type": "github"
      }
    },
    "flake-utils_4": {
      "locked": {
        "lastModified": 1634851050,
        "narHash": "sha256-N83GlSGPJJdcqhUxSCS/WwW5pksYf3VP1M13cDRTSVA=",
        "owner": "numtide",
        "repo": "flake-utils",
        "rev": "c91f3de5adaf1de973b797ef7485e441a65b8935",
        "type": "github"
      },
      "original": {
        "owner": "numtide",
        "repo": "flake-utils",
        "type": "github"
      }
    },
    "nix-github-actions": {
      "inputs": {
        "nixpkgs": [
          "nixhelm",
          "poetry2nix",
          "nixpkgs"
        ]
      },
      "locked": {
        "lastModified": 1698974481,
        "narHash": "sha256-yPncV9Ohdz1zPZxYHQf47S8S0VrnhV7nNhCawY46hDA=",
        "owner": "nix-community",
        "repo": "nix-github-actions",
        "rev": "4bb5e752616262457bc7ca5882192a564c0472d2",
        "type": "github"
      },
      "original": {
        "owner": "nix-community",
        "repo": "nix-github-actions",
        "type": "github"
      }
    },
    "nix-kube-generators": {
      "locked": {
        "lastModified": 1708155396,
        "narHash": "sha256-A/BIeJjiRS7sBYP6tFJa/WHDPHe7DGTCkSEKXttYeAQ=",
        "owner": "farcaller",
        "repo": "nix-kube-generators",
        "rev": "14dbd5e5b40615937900f71d9a9851b59b4d9a88",
        "type": "github"
      },
      "original": {
        "owner": "farcaller",
        "ref": "14dbd5e5b40615937900f71d9a9851b59b4d9a88",
        "repo": "nix-kube-generators",
        "type": "github"
      }
    },
    "nix-kube-generators_2": {
      "locked": {
        "lastModified": 1702548734,
        "narHash": "sha256-2pREm/iZ1FyyFuukt/B3nud2NYTUImy5vqc2tESoP9g=",
        "owner": "farcaller",
        "repo": "nix-kube-generators",
        "rev": "fb7a70a8cd76aa76fdf3281123582693aec486a7",
        "type": "github"
      },
      "original": {
        "owner": "farcaller",
        "repo": "nix-kube-generators",
        "type": "github"
      }
    },
    "nixhelm": {
      "inputs": {
        "flake-utils": "flake-utils_2",
        "nix-kube-generators": "nix-kube-generators_2",
        "nixpkgs": "nixpkgs",
        "poetry2nix": "poetry2nix"
      },
      "locked": {
        "lastModified": 1716858243,
        "narHash": "sha256-qxmwUUnAYYGNUoflBbXXe9kQeH8G53/ZVe98NPDf22s=",
        "owner": "farcaller",
        "repo": "nixhelm",
        "rev": "785c1e2d9ab8bb0db049ff1ab983b7f73f073d51",
        "type": "github"
      },
      "original": {
        "owner": "farcaller",
        "ref": "785c1e2d9ab8bb0db049ff1ab983b7f73f073d51",
        "repo": "nixhelm",
        "type": "github"
      }
    },
    "nixpkgs": {
      "locked": {
        "lastModified": 1702312524,
        "narHash": "sha256-gkZJRDBUCpTPBvQk25G0B7vfbpEYM5s5OZqghkjZsnE=",
        "owner": "NixOS",
        "repo": "nixpkgs",
        "rev": "a9bf124c46ef298113270b1f84a164865987a91c",
        "type": "github"
      },
      "original": {
        "owner": "NixOS",
        "ref": "nixos-unstable",
        "repo": "nixpkgs",
        "type": "github"
      }
    },
    "nixpkgs_2": {
      "locked": {
        "lastModified": 1717196966,
        "narHash": "sha256-yZKhxVIKd2lsbOqYd5iDoUIwsRZFqE87smE2Vzf6Ck0=",
        "owner": "nixos",
        "repo": "nixpkgs",
        "rev": "57610d2f8f0937f39dbd72251e9614b1561942d8",
        "type": "github"
      },
      "original": {
        "owner": "nixos",
        "ref": "nixos-unstable",
        "repo": "nixpkgs",
        "type": "github"
      }
    },
    "nixpkgs_3": {
      "locked": {
        "lastModified": 1636823747,
        "narHash": "sha256-oWo1nElRAOZqEf90Yek2ixdHyjD+gqtS/pAgwaQ9UhQ=",
        "owner": "nixos",
        "repo": "nixpkgs",
        "rev": "f6a2ed2082d9a51668c86ba27d0b5496f7a2ea93",
        "type": "github"
      },
      "original": {
        "owner": "nixos",
        "repo": "nixpkgs",
        "type": "github"
      }
    },
    "poetry2nix": {
      "inputs": {
        "flake-utils": "flake-utils_3",
        "nix-github-actions": "nix-github-actions",
        "nixpkgs": [
          "nixhelm",
          "nixpkgs"
        ],
        "systems": "systems_4",
        "treefmt-nix": "treefmt-nix"
      },
      "locked": {
        "lastModified": 1702365004,
        "narHash": "sha256-IRFvmyP1uk1hchRVxaXTqu6YoZCvMM/NVtUf2hD2Tag=",
        "owner": "nix-community",
        "repo": "poetry2nix",
        "rev": "c12ac880114d52a3cad5fa02b00f2e2090e89982",
        "type": "github"
      },
      "original": {
        "owner": "nix-community",
        "repo": "poetry2nix",
        "type": "github"
      }
    },
    "root": {
      "inputs": {
        "flake-utils": "flake-utils",
        "nix-kube-generators": "nix-kube-generators",
        "nixhelm": "nixhelm",
        "nixpkgs": "nixpkgs_2",
        "terranix": "terranix"
      }
    },
    "systems": {
      "locked": {
        "lastModified": 1681028828,
        "narHash": "sha256-Vy1rq5AaRuLzOxct8nz4T6wlgyUR7zLU309k9mBC768=",
        "owner": "nix-systems",
        "repo": "default",
        "rev": "da67096a3b9bf56a91d16901293e51ba5b49a27e",
        "type": "github"
      },
      "original": {
        "owner": "nix-systems",
        "repo": "default",
        "type": "github"
      }
    },
    "systems_2": {
      "locked": {
        "lastModified": 1681028828,
        "narHash": "sha256-Vy1rq5AaRuLzOxct8nz4T6wlgyUR7zLU309k9mBC768=",
        "owner": "nix-systems",
        "repo": "default",
        "rev": "da67096a3b9bf56a91d16901293e51ba5b49a27e",
        "type": "github"
      },
      "original": {
        "owner": "nix-systems",
        "repo": "default",
        "type": "github"
      }
    },
    "systems_3": {
      "locked": {
        "lastModified": 1681028828,
        "narHash": "sha256-Vy1rq5AaRuLzOxct8nz4T6wlgyUR7zLU309k9mBC768=",
        "owner": "nix-systems",
        "repo": "default",
        "rev": "da67096a3b9bf56a91d16901293e51ba5b49a27e",
        "type": "github"
      },
      "original": {
        "owner": "nix-systems",
        "repo": "default",
        "type": "github"
      }
    },
    "systems_4": {
      "locked": {
        "lastModified": 1681028828,
        "narHash": "sha256-Vy1rq5AaRuLzOxct8nz4T6wlgyUR7zLU309k9mBC768=",
        "owner": "nix-systems",
        "repo": "default",
        "rev": "da67096a3b9bf56a91d16901293e51ba5b49a27e",
        "type": "github"
      },
      "original": {
        "id": "systems",
        "type": "indirect"
      }
    },
    "terranix": {
      "inputs": {
        "bats-assert": "bats-assert",
        "bats-support": "bats-support",
        "flake-utils": "flake-utils_4",
        "nixpkgs": "nixpkgs_3",
        "terranix-examples": "terranix-examples"
      },
      "locked": {
        "lastModified": 1695406838,
        "narHash": "sha256-xiUfVD6rtsVWFotVtUW3Q1nQh4obKzgvpN1wqZuGXvM=",
        "owner": "terranix",
        "repo": "terranix",
        "rev": "fc9077ca02ab5681935dbf0ecd725c4d889b9275",
        "type": "github"
      },
      "original": {
        "owner": "terranix",
        "repo": "terranix",
        "type": "github"
      }
    },
    "terranix-examples": {
      "locked": {
        "lastModified": 1636300201,
        "narHash": "sha256-0n1je1WpiR6XfCsvi8ZK7GrpEnMl+DpwhWaO1949Vbc=",
        "owner": "terranix",
        "repo": "terranix-examples",
        "rev": "a934aa1cf88f6bd6c6ddb4c77b77ec6e1660bd5e",
        "type": "github"
      },
      "original": {
        "owner": "terranix",
        "repo": "terranix-examples",
        "type": "github"
      }
    },
    "treefmt-nix": {
      "inputs": {
        "nixpkgs": [
          "nixhelm",
          "poetry2nix",
          "nixpkgs"
        ]
      },
      "locked": {
        "lastModified": 1699786194,
        "narHash": "sha256-3h3EH1FXQkIeAuzaWB+nK0XK54uSD46pp+dMD3gAcB4=",
        "owner": "numtide",
        "repo": "treefmt-nix",
        "rev": "e82f32aa7f06bbbd56d7b12186d555223dc399d1",
        "type": "github"
      },
      "original": {
        "owner": "numtide",
        "repo": "treefmt-nix",
        "type": "github"
      }
    }
  },
  "root": "root",
  "version": 7
}
